
Microsoft Visual Studio Solution File, Format Version 12.00
# Visual Studio Version 16
VisualStudioVersion = 16.0.30114.105
MinimumVisualStudioVersion = 10.0.40219.1
Project("{FAE04EC0-301F-11D3-BF4B-00C04F79EFBC}") = "ApiCorreo2", "ApiCorreo2\ApiCorreo2.csproj", "{AD88A269-07AB-4702-A3FD-634CDE75DF48}"
EndProject
Project("{FAE04EC0-301F-11D3-BF4B-00C04F79EFBC}") = "Modelos", "Modelos\Modelos.csproj", "{F8F559F8-22D1-44E5-9321-206D938B39EC}"
EndProject
Project("{FAE04EC0-301F-11D3-BF4B-00C04F79EFBC}") = "Procesos", "Procesos\Procesos.csproj", "{CDBD6D8E-2996-4774-B71A-416866950169}"
EndProject
Global
	GlobalSection(SolutionConfigurationPlatforms) = preSolution
		Debug|Any CPU = Debug|Any CPU
		Release|Any CPU = Release|Any CPU
	EndGlobalSection
	GlobalSection(ProjectConfigurationPlatforms) = postSolution
		{AD88A269-07AB-4702-A3FD-634CDE75DF48}.Debug|Any CPU.ActiveCfg = Debug|Any CPU
		{AD88A269-07AB-4702-A3FD-634CDE75DF48}.Debug|Any CPU.Build.0 = Debug|Any CPU
		{AD88A269-07AB-4702-A3FD-634CDE75DF48}.Release|Any CPU.ActiveCfg = Release|Any CPU
		{AD88A269-07AB-4702-A3FD-634CDE75DF48}.Release|Any CPU.Build.0 = Release|Any CPU
		{F8F559F8-22D1-44E5-9321-206D938B39EC}.Debug|Any CPU.ActiveCfg = Debug|Any CPU
		{F8F559F8-22D1-44E5-9321-206D938B39EC}.Debug|Any CPU.Build.0 = Debug|Any CPU
		{F8F559F8-22D1-44E5-9321-206D938B39EC}.Release|Any CPU.ActiveCfg = Release|Any CPU
		{F8F559F8-22D1-44E5-9321-206D938B39EC}.Release|Any CPU.Build.0 = Release|Any CPU
		{CDBD6D8E-2996-4774-B71A-416866950169}.Debug|Any CPU.ActiveCfg = Debug|Any CPU
		{CDBD6D8E-2996-4774-B71A-416866950169}.Debug|Any CPU.Build.0 = Debug|Any CPU
		{CDBD6D8E-2996-4774-B71A-416866950169}.Release|Any CPU.ActiveCfg = Release|Any CPU
		{CDBD6D8E-2996-4774-B71A-416866950169}.Release|Any CPU.Build.0 = Release|Any CPU
	EndGlobalSection
	GlobalSection(SolutionProperties) = preSolution
		HideSolutionNode = FALSE
	EndGlobalSection
	GlobalSection(ExtensibilityGlobals) = postSolution
		SolutionGuid = {9A82BA09-4597-4ECA-878E-A5471154B838}
	EndGlobalSection
EndGlobal
